
Microsoft Visual Studio Solution File, Format Version 12.00
Project("{FAE04EC0-301F-11D3-BF4B-00C04F79EFBC}") = "GaussianElimination", "GaussianElimination\GaussianElimination.csproj", "{3DD9C7B0-17DA-4931-B7E0-11F69EAFB6FD}"
EndProject
Global
	GlobalSection(SolutionConfigurationPlatforms) = preSolution
		Debug|Any CPU = Debug|Any CPU
		Release|Any CPU = Release|Any CPU
	EndGlobalSection
	GlobalSection(ProjectConfigurationPlatforms) = postSolution
		{3DD9C7B0-17DA-4931-B7E0-11F69EAFB6FD}.Debug|Any CPU.ActiveCfg = Debug|Any CPU
		{3DD9C7B0-17DA-4931-B7E0-11F69EAFB6FD}.Debug|Any CPU.Build.0 = Debug|Any CPU
		{3DD9C7B0-17DA-4931-B7E0-11F69EAFB6FD}.Release|Any CPU.ActiveCfg = Release|Any CPU
		{3DD9C7B0-17DA-4931-B7E0-11F69EAFB6FD}.Release|Any CPU.Build.0 = Release|Any CPU
	EndGlobalSection
EndGlobal
